
Microsoft Visual Studio Solution File, Format Version 12.00
# Visual Studio Version 17
VisualStudioVersion = 17.11.35312.102
MinimumVisualStudioVersion = 10.0.40219.1
Project("{FAE04EC0-301F-11D3-BF4B-00C04F79EFBC}") = "Calculator", "Calculator\Calculator.csproj", "{EB6DDD3F-20A8-4C79-B231-DDEFF15BDC27}"
EndProject
Global
	GlobalSection(SolutionConfigurationPlatforms) = preSolution
		Debug|Any CPU = Debug|Any CPU
		Release|Any CPU = Release|Any CPU
	EndGlobalSection
	GlobalSection(ProjectConfigurationPlatforms) = postSolution
		{EB6DDD3F-20A8-4C79-B231-DDEFF15BDC27}.Debug|Any CPU.ActiveCfg = Debug|Any CPU
		{EB6DDD3F-20A8-4C79-B231-DDEFF15BDC27}.Debug|Any CPU.Build.0 = Debug|Any CPU
		{EB6DDD3F-20A8-4C79-B231-DDEFF15BDC27}.Release|Any CPU.ActiveCfg = Release|Any CPU
		{EB6DDD3F-20A8-4C79-B231-DDEFF15BDC27}.Release|Any CPU.Build.0 = Release|Any CPU
	EndGlobalSection
	GlobalSection(SolutionProperties) = preSolution
		HideSolutionNode = FALSE
	EndGlobalSection
	GlobalSection(ExtensibilityGlobals) = postSolution
		SolutionGuid = {6238EDF0-C888-4D5F-B3F0-D769693B26A9}
	EndGlobalSection
EndGlobal
